
Microsoft Visual Studio Solution File, Format Version 12.00
# Visual Studio Version 17
VisualStudioVersion = 17.12.35514.174 d17.12
MinimumVisualStudioVersion = 10.0.40219.1
Project("{FAE04EC0-301F-11D3-BF4B-00C04F79EFBC}") = "datagrid", "datagrid\datagrid.csproj", "{DECD50E0-08E5-493E-813D-493A75E44A1E}"
EndProject
Global
	GlobalSection(SolutionConfigurationPlatforms) = preSolution
		10|Any CPU = 10|Any CPU
		11|Any CPU = 11|Any CPU
		11111111|Any CPU = 11111111|Any CPU
		12|Any CPU = 12|Any CPU
		2nd final|Any CPU = 2nd final|Any CPU
		3rd Final|Any CPU = 3rd Final|Any CPU
		6|Any CPU = 6|Any CPU
		7|Any CPU = 7|Any CPU
		8|Any CPU = 8|Any CPU
		9|Any CPU = 9|Any CPU
		asad|Any CPU = asad|Any CPU
		Continue|Any CPU = Continue|Any CPU
		Debug|Any CPU = Debug|Any CPU
		dfgdf|Any CPU = dfgdf|Any CPU
		final ok|Any CPU = final ok|Any CPU
		final with serial|Any CPU = final with serial|Any CPU
		lastupdate|Any CPU = lastupdate|Any CPU
		Latest|Any CPU = Latest|Any CPU
		LATEST1|Any CPU = LATEST1|Any CPU
		MN|Any CPU = MN|Any CPU
		MNIAZ|Any CPU = MNIAZ|Any CPU
		new with serial update|Any CPU = new with serial update|Any CPU
		new|Any CPU = new|Any CPU
		nf|Any CPU = nf|Any CPU
		OK With Selection|Any CPU = OK With Selection|Any CPU
		Ok With SMS|Any CPU = Ok With SMS|Any CPU
		OKK|Any CPU = OKK|Any CPU
		okkkk|Any CPU = okkkk|Any CPU
		Release|Any CPU = Release|Any CPU
		rr|Any CPU = rr|Any CPU
		sdf|Any CPU = sdf|Any CPU
		Semi Final|Any CPU = Semi Final|Any CPU
		ss|Any CPU = ss|Any CPU
		UCK|Any CPU = UCK|Any CPU
		UsmanKanta|Any CPU = UsmanKanta|Any CPU
		usmanpsndkanta|Any CPU = usmanpsndkanta|Any CPU
		wrwrwr|Any CPU = wrwrwr|Any CPU
	EndGlobalSection
	GlobalSection(ProjectConfigurationPlatforms) = postSolution
		{DECD50E0-08E5-493E-813D-493A75E44A1E}.10|Any CPU.ActiveCfg = 10|Any CPU
		{DECD50E0-08E5-493E-813D-493A75E44A1E}.10|Any CPU.Build.0 = 10|Any CPU
		{DECD50E0-08E5-493E-813D-493A75E44A1E}.11|Any CPU.ActiveCfg = 11|Any CPU
		{DECD50E0-08E5-493E-813D-493A75E44A1E}.11|Any CPU.Build.0 = 11|Any CPU
		{DECD50E0-08E5-493E-813D-493A75E44A1E}.11111111|Any CPU.ActiveCfg = 11111111|Any CPU
		{DECD50E0-08E5-493E-813D-493A75E44A1E}.11111111|Any CPU.Build.0 = 11111111|Any CPU
		{DECD50E0-08E5-493E-813D-493A75E44A1E}.12|Any CPU.ActiveCfg = 12|Any CPU
		{DECD50E0-08E5-493E-813D-493A75E44A1E}.12|Any CPU.Build.0 = 12|Any CPU
		{DECD50E0-08E5-493E-813D-493A75E44A1E}.2nd final|Any CPU.ActiveCfg = 2nd final|Any CPU
		{DECD50E0-08E5-493E-813D-493A75E44A1E}.2nd final|Any CPU.Build.0 = 2nd final|Any CPU
		{DECD50E0-08E5-493E-813D-493A75E44A1E}.3rd Final|Any CPU.ActiveCfg = 3rd Final|Any CPU
		{DECD50E0-08E5-493E-813D-493A75E44A1E}.3rd Final|Any CPU.Build.0 = 3rd Final|Any CPU
		{DECD50E0-08E5-493E-813D-493A75E44A1E}.6|Any CPU.ActiveCfg = 6|Any CPU
		{DECD50E0-08E5-493E-813D-493A75E44A1E}.6|Any CPU.Build.0 = 6|Any CPU
		{DECD50E0-08E5-493E-813D-493A75E44A1E}.7|Any CPU.ActiveCfg = 7|Any CPU
		{DECD50E0-08E5-493E-813D-493A75E44A1E}.7|Any CPU.Build.0 = 7|Any CPU
		{DECD50E0-08E5-493E-813D-493A75E44A1E}.8|Any CPU.ActiveCfg = 8|Any CPU
		{DECD50E0-08E5-493E-813D-493A75E44A1E}.8|Any CPU.Build.0 = 8|Any CPU
		{DECD50E0-08E5-493E-813D-493A75E44A1E}.9|Any CPU.ActiveCfg = 9|Any CPU
		{DECD50E0-08E5-493E-813D-493A75E44A1E}.9|Any CPU.Build.0 = 9|Any CPU
		{DECD50E0-08E5-493E-813D-493A75E44A1E}.asad|Any CPU.ActiveCfg = asad|Any CPU
		{DECD50E0-08E5-493E-813D-493A75E44A1E}.asad|Any CPU.Build.0 = asad|Any CPU
		{DECD50E0-08E5-493E-813D-493A75E44A1E}.Continue|Any CPU.ActiveCfg = Continue|Any CPU
		{DECD50E0-08E5-493E-813D-493A75E44A1E}.Continue|Any CPU.Build.0 = Continue|Any CPU
		{DECD50E0-08E5-493E-813D-493A75E44A1E}.Debug|Any CPU.ActiveCfg = Debug|Any CPU
		{DECD50E0-08E5-493E-813D-493A75E44A1E}.Debug|Any CPU.Build.0 = Debug|Any CPU
		{DECD50E0-08E5-493E-813D-493A75E44A1E}.dfgdf|Any CPU.ActiveCfg = dfgdf|Any CPU
		{DECD50E0-08E5-493E-813D-493A75E44A1E}.dfgdf|Any CPU.Build.0 = dfgdf|Any CPU
		{DECD50E0-08E5-493E-813D-493A75E44A1E}.final ok|Any CPU.ActiveCfg = final ok|Any CPU
		{DECD50E0-08E5-493E-813D-493A75E44A1E}.final ok|Any CPU.Build.0 = final ok|Any CPU
		{DECD50E0-08E5-493E-813D-493A75E44A1E}.final with serial|Any CPU.ActiveCfg = final with serial|Any CPU
		{DECD50E0-08E5-493E-813D-493A75E44A1E}.final with serial|Any CPU.Build.0 = final with serial|Any CPU
		{DECD50E0-08E5-493E-813D-493A75E44A1E}.lastupdate|Any CPU.ActiveCfg = lastupdate|Any CPU
		{DECD50E0-08E5-493E-813D-493A75E44A1E}.lastupdate|Any CPU.Build.0 = lastupdate|Any CPU
		{DECD50E0-08E5-493E-813D-493A75E44A1E}.Latest|Any CPU.ActiveCfg = Latest|Any CPU
		{DECD50E0-08E5-493E-813D-493A75E44A1E}.Latest|Any CPU.Build.0 = Latest|Any CPU
		{DECD50E0-08E5-493E-813D-493A75E44A1E}.LATEST1|Any CPU.ActiveCfg = LATEST1|Any CPU
		{DECD50E0-08E5-493E-813D-493A75E44A1E}.LATEST1|Any CPU.Build.0 = LATEST1|Any CPU
		{DECD50E0-08E5-493E-813D-493A75E44A1E}.MN|Any CPU.ActiveCfg = MN|Any CPU
		{DECD50E0-08E5-493E-813D-493A75E44A1E}.MN|Any CPU.Build.0 = MN|Any CPU
		{DECD50E0-08E5-493E-813D-493A75E44A1E}.MNIAZ|Any CPU.ActiveCfg = MNIAZ|Any CPU
		{DECD50E0-08E5-493E-813D-493A75E44A1E}.MNIAZ|Any CPU.Build.0 = MNIAZ|Any CPU
		{DECD50E0-08E5-493E-813D-493A75E44A1E}.new with serial update|Any CPU.ActiveCfg = new with serial update|Any CPU
		{DECD50E0-08E5-493E-813D-493A75E44A1E}.new with serial update|Any CPU.Build.0 = new with serial update|Any CPU
		{DECD50E0-08E5-493E-813D-493A75E44A1E}.new|Any CPU.ActiveCfg = new|Any CPU
		{DECD50E0-08E5-493E-813D-493A75E44A1E}.new|Any CPU.Build.0 = new|Any CPU
		{DECD50E0-08E5-493E-813D-493A75E44A1E}.nf|Any CPU.ActiveCfg = nf|Any CPU
		{DECD50E0-08E5-493E-813D-493A75E44A1E}.nf|Any CPU.Build.0 = nf|Any CPU
		{DECD50E0-08E5-493E-813D-493A75E44A1E}.OK With Selection|Any CPU.ActiveCfg = OK With Selection|Any CPU
		{DECD50E0-08E5-493E-813D-493A75E44A1E}.OK With Selection|Any CPU.Build.0 = OK With Selection|Any CPU
		{DECD50E0-08E5-493E-813D-493A75E44A1E}.Ok With SMS|Any CPU.ActiveCfg = Ok With SMS|Any CPU
		{DECD50E0-08E5-493E-813D-493A75E44A1E}.Ok With SMS|Any CPU.Build.0 = Ok With SMS|Any CPU
		{DECD50E0-08E5-493E-813D-493A75E44A1E}.OKK|Any CPU.ActiveCfg = OKK|Any CPU
		{DECD50E0-08E5-493E-813D-493A75E44A1E}.OKK|Any CPU.Build.0 = OKK|Any CPU
		{DECD50E0-08E5-493E-813D-493A75E44A1E}.okkkk|Any CPU.ActiveCfg = okkkk|Any CPU
		{DECD50E0-08E5-493E-813D-493A75E44A1E}.okkkk|Any CPU.Build.0 = okkkk|Any CPU
		{DECD50E0-08E5-493E-813D-493A75E44A1E}.Release|Any CPU.ActiveCfg = Release|Any CPU
		{DECD50E0-08E5-493E-813D-493A75E44A1E}.Release|Any CPU.Build.0 = Release|Any CPU
		{DECD50E0-08E5-493E-813D-493A75E44A1E}.rr|Any CPU.ActiveCfg = rr|Any CPU
		{DECD50E0-08E5-493E-813D-493A75E44A1E}.rr|Any CPU.Build.0 = rr|Any CPU
		{DECD50E0-08E5-493E-813D-493A75E44A1E}.sdf|Any CPU.ActiveCfg = sdf|Any CPU
		{DECD50E0-08E5-493E-813D-493A75E44A1E}.sdf|Any CPU.Build.0 = sdf|Any CPU
		{DECD50E0-08E5-493E-813D-493A75E44A1E}.Semi Final|Any CPU.ActiveCfg = Semi Final|Any CPU
		{DECD50E0-08E5-493E-813D-493A75E44A1E}.Semi Final|Any CPU.Build.0 = Semi Final|Any CPU
		{DECD50E0-08E5-493E-813D-493A75E44A1E}.ss|Any CPU.ActiveCfg = ss|Any CPU
		{DECD50E0-08E5-493E-813D-493A75E44A1E}.ss|Any CPU.Build.0 = ss|Any CPU
		{DECD50E0-08E5-493E-813D-493A75E44A1E}.UCK|Any CPU.ActiveCfg = UCK|Any CPU
		{DECD50E0-08E5-493E-813D-493A75E44A1E}.UCK|Any CPU.Build.0 = UCK|Any CPU
		{DECD50E0-08E5-493E-813D-493A75E44A1E}.UsmanKanta|Any CPU.ActiveCfg = UsmanKanta|Any CPU
		{DECD50E0-08E5-493E-813D-493A75E44A1E}.UsmanKanta|Any CPU.Build.0 = UsmanKanta|Any CPU
		{DECD50E0-08E5-493E-813D-493A75E44A1E}.usmanpsndkanta|Any CPU.ActiveCfg = usmanpsndkanta|Any CPU
		{DECD50E0-08E5-493E-813D-493A75E44A1E}.usmanpsndkanta|Any CPU.Build.0 = usmanpsndkanta|Any CPU
		{DECD50E0-08E5-493E-813D-493A75E44A1E}.wrwrwr|Any CPU.ActiveCfg = wrwrwr|Any CPU
		{DECD50E0-08E5-493E-813D-493A75E44A1E}.wrwrwr|Any CPU.Build.0 = wrwrwr|Any CPU
	EndGlobalSection
	GlobalSection(SolutionProperties) = preSolution
		HideSolutionNode = FALSE
	EndGlobalSection
EndGlobal
